
Microsoft Visual Studio Solution File, Format Version 12.00
# Visual Studio 15
VisualStudioVersion = 15.0.28010.2036
MinimumVisualStudioVersion = 10.0.40219.1
Project("{9A19103F-16F7-4668-BE54-9A1E7A4F7556}") = "BalticMarinasBuySellWS", "BalticMarinasBuySellWS\BalticMarinasBuySellWS.csproj", "{BBEF1C2A-56AE-44DF-AD83-462F816B8D5B}"
EndProject
Project("{FAE04EC0-301F-11D3-BF4B-00C04F79EFBC}") = "BuySellWS.Tests", "BuySellWS.Tests\BuySellWS.Tests.csproj", "{9A7B8DEB-4484-40E7-8A9F-777F1BFEEEB6}"
EndProject
Global
	GlobalSection(SolutionConfigurationPlatforms) = preSolution
		Debug|Any CPU = Debug|Any CPU
		Release|Any CPU = Release|Any CPU
	EndGlobalSection
	GlobalSection(ProjectConfigurationPlatforms) = postSolution
		{BBEF1C2A-56AE-44DF-AD83-462F816B8D5B}.Debug|Any CPU.ActiveCfg = Debug|Any CPU
		{BBEF1C2A-56AE-44DF-AD83-462F816B8D5B}.Debug|Any CPU.Build.0 = Debug|Any CPU
		{BBEF1C2A-56AE-44DF-AD83-462F816B8D5B}.Release|Any CPU.ActiveCfg = Release|Any CPU
		{BBEF1C2A-56AE-44DF-AD83-462F816B8D5B}.Release|Any CPU.Build.0 = Release|Any CPU
		{9A7B8DEB-4484-40E7-8A9F-777F1BFEEEB6}.Debug|Any CPU.ActiveCfg = Debug|Any CPU
		{9A7B8DEB-4484-40E7-8A9F-777F1BFEEEB6}.Debug|Any CPU.Build.0 = Debug|Any CPU
		{9A7B8DEB-4484-40E7-8A9F-777F1BFEEEB6}.Release|Any CPU.ActiveCfg = Release|Any CPU
		{9A7B8DEB-4484-40E7-8A9F-777F1BFEEEB6}.Release|Any CPU.Build.0 = Release|Any CPU
	EndGlobalSection
	GlobalSection(SolutionProperties) = preSolution
		HideSolutionNode = FALSE
	EndGlobalSection
	GlobalSection(ExtensibilityGlobals) = postSolution
		SolutionGuid = {8D65945E-9E77-4EF6-B0C2-0D04B4BA3DDF}
	EndGlobalSection
EndGlobal
